
Microsoft Visual Studio Solution File, Format Version 12.00
# Visual Studio Version 16
VisualStudioVersion = 16.0.31205.134
MinimumVisualStudioVersion = 10.0.40219.1
Project("{FAE04EC0-301F-11D3-BF4B-00C04F79EFBC}") = "CourierApplication", "CourierApplication\CourierApplication.csproj", "{801E22C6-F1DD-476A-8626-F1C3F1478502}"
EndProject
Project("{9A19103F-16F7-4668-BE54-9A1E7A4F7556}") = "CourierCostCalculator", "CourierCostCalculator\CourierCostCalculator.csproj", "{3F5ACDFC-DB6D-4678-8F4A-D4FCC20076B2}"
EndProject
Project("{FAE04EC0-301F-11D3-BF4B-00C04F79EFBC}") = "CourierApplicationTest", "CourierApplicationTest\CourierApplicationTest.csproj", "{3AC3A7F5-25B1-4AB7-8522-EE6365C41952}"
EndProject
Global
	GlobalSection(SolutionConfigurationPlatforms) = preSolution
		Debug|Any CPU = Debug|Any CPU
		Release|Any CPU = Release|Any CPU
	EndGlobalSection
	GlobalSection(ProjectConfigurationPlatforms) = postSolution
		{801E22C6-F1DD-476A-8626-F1C3F1478502}.Debug|Any CPU.ActiveCfg = Debug|Any CPU
		{801E22C6-F1DD-476A-8626-F1C3F1478502}.Debug|Any CPU.Build.0 = Debug|Any CPU
		{801E22C6-F1DD-476A-8626-F1C3F1478502}.Release|Any CPU.ActiveCfg = Release|Any CPU
		{801E22C6-F1DD-476A-8626-F1C3F1478502}.Release|Any CPU.Build.0 = Release|Any CPU
		{3F5ACDFC-DB6D-4678-8F4A-D4FCC20076B2}.Debug|Any CPU.ActiveCfg = Debug|Any CPU
		{3F5ACDFC-DB6D-4678-8F4A-D4FCC20076B2}.Debug|Any CPU.Build.0 = Debug|Any CPU
		{3F5ACDFC-DB6D-4678-8F4A-D4FCC20076B2}.Release|Any CPU.ActiveCfg = Release|Any CPU
		{3F5ACDFC-DB6D-4678-8F4A-D4FCC20076B2}.Release|Any CPU.Build.0 = Release|Any CPU
		{3AC3A7F5-25B1-4AB7-8522-EE6365C41952}.Debug|Any CPU.ActiveCfg = Debug|Any CPU
		{3AC3A7F5-25B1-4AB7-8522-EE6365C41952}.Debug|Any CPU.Build.0 = Debug|Any CPU
		{3AC3A7F5-25B1-4AB7-8522-EE6365C41952}.Release|Any CPU.ActiveCfg = Release|Any CPU
		{3AC3A7F5-25B1-4AB7-8522-EE6365C41952}.Release|Any CPU.Build.0 = Release|Any CPU
	EndGlobalSection
	GlobalSection(SolutionProperties) = preSolution
		HideSolutionNode = FALSE
	EndGlobalSection
	GlobalSection(ExtensibilityGlobals) = postSolution
		SolutionGuid = {DBF75166-1636-42CD-8B39-C0DDE65B1BF3}
	EndGlobalSection
EndGlobal
